
Microsoft Visual Studio Solution File, Format Version 12.00
# Visual Studio Version 17
VisualStudioVersion = 17.11.35201.85
MinimumVisualStudioVersion = 10.0.40219.1
Project("{9A19103F-16F7-4668-BE54-9A1E7A4F7556}") = "HftCryptoTrading.AppHost", "HftCryptoTrading.AppHost\HftCryptoTrading.AppHost.csproj", "{1145EF0E-5608-48D1-A80C-EF78C74CA197}"
EndProject
Project("{9A19103F-16F7-4668-BE54-9A1E7A4F7556}") = "HftCryptoTrading.ServiceDefaults", "HftCryptoTrading.ServiceDefaults\HftCryptoTrading.ServiceDefaults.csproj", "{91D31232-3F83-4789-9615-A75C988A8768}"
EndProject
Project("{9A19103F-16F7-4668-BE54-9A1E7A4F7556}") = "HftCryptoTrading.ApiService", "HftCryptoTrading.ApiService\HftCryptoTrading.ApiService.csproj", "{D0ABECE5-347D-46E5-9640-E09D8EFFC321}"
EndProject
Project("{9A19103F-16F7-4668-BE54-9A1E7A4F7556}") = "HftCryptoTrading.Web", "HftCryptoTrading.Web\HftCryptoTrading.Web.csproj", "{F32B90A8-8573-4F95-8A13-F20CE1C012BB}"
EndProject
Project("{9A19103F-16F7-4668-BE54-9A1E7A4F7556}") = "HftCryptoTrading.Tests", "HftCryptoTrading.Tests\HftCryptoTrading.Tests.csproj", "{48C7018C-9417-497C-A92F-C832C11CE45F}"
EndProject
Project("{9A19103F-16F7-4668-BE54-9A1E7A4F7556}") = "HftCryptoTrading.Shared", "HftCryptoTrading.Shared\HftCryptoTrading.Shared.csproj", "{16C64347-D542-490C-8888-B07E307F3DDC}"
EndProject
Project("{9A19103F-16F7-4668-BE54-9A1E7A4F7556}") = "HftCryptoTrading.ApiServices.E2ETests", "HftCryptoTrading.ApiServices.E2ETests\HftCryptoTrading.ApiServices.E2ETests.csproj", "{727C014E-09F7-477A-9DF4-48370BF4D554}"
EndProject
Project("{9A19103F-16F7-4668-BE54-9A1E7A4F7556}") = "HftCryptoTrading.Client", "HftCryptoTrading.Client\HftCryptoTrading.Client.csproj", "{B0239BC0-B398-4785-812A-B9BB1AED0C68}"
EndProject
Project("{2150E333-8FDC-42A3-9474-1A3956D46DE8}") = "Services", "Services", "{6EDD07D3-EA33-4D5B-93A3-CC90E8B0A28D}"
EndProject
Project("{9A19103F-16F7-4668-BE54-9A1E7A4F7556}") = "HftCryptoTrading.Exchanges.Core", "HftCryptoTrading.Core\HftCryptoTrading.Exchanges.Core.csproj", "{B8BB817A-540A-4EA2-8CC4-F5390D9EB116}"
EndProject
Project("{9A19103F-16F7-4668-BE54-9A1E7A4F7556}") = "HftCryptoTrading.Exchanges.BinanceExchange", "HftCryptoTrading.Exchanges.BinanceExchange\HftCryptoTrading.Exchanges.BinanceExchange.csproj", "{0843E966-14CF-4F53-8255-D41AE02CA5B1}"
EndProject
Project("{2150E333-8FDC-42A3-9474-1A3956D46DE8}") = "Hub", "Hub", "{B33CDCE7-FEED-48B3-B4BA-A88F03BDF98F}"
EndProject
Project("{2150E333-8FDC-42A3-9474-1A3956D46DE8}") = "Tst", "Tst", "{C2E927FA-26E5-4A34-B691-FCD299497A9F}"
EndProject
Project("{2150E333-8FDC-42A3-9474-1A3956D46DE8}") = "Front", "Front", "{8F22D701-A436-4EB8-A9FA-6519EC46A016}"
EndProject
Project("{2150E333-8FDC-42A3-9474-1A3956D46DE8}") = "Shared", "Shared", "{63C64C63-CBBF-44A6-9848-16F47F797515}"
EndProject
Project("{2150E333-8FDC-42A3-9474-1A3956D46DE8}") = "Saga", "Saga", "{47A74A12-E8EF-4B0A-A062-DA750F06DE0C}"
EndProject
Project("{9A19103F-16F7-4668-BE54-9A1E7A4F7556}") = "HftCryptoTrading.Saga.MarketWatcher", "HftCryptoTrading.Saga.MarketDownloader\HftCryptoTrading.Saga.MarketWatcher.csproj", "{9D8B2DAB-66EC-48DD-A1F9-D9C51873CCB6}"
EndProject
Project("{9A19103F-16F7-4668-BE54-9A1E7A4F7556}") = "HftCryptoTrading.Saga.StrategyEvaluator", "HftCryptoTrading.Saga.StrategyEvaluator\HftCryptoTrading.Saga.StrategyEvaluator.csproj", "{0BAD285F-8DC5-49B1-8AC6-8C3456F06EF6}"
EndProject
Project("{FAE04EC0-301F-11D3-BF4B-00C04F79EFBC}") = "HftCryptoTrading.Services", "HftCryptoTrading.Services\HftCryptoTrading.Services.csproj", "{8B07A1C4-77A4-4065-B619-714C67207ED3}"
EndProject
Project("{FAE04EC0-301F-11D3-BF4B-00C04F79EFBC}") = "HftCryptoTrading.Saga.OpenPositionMonitor", "HftCryptoTrading.Saga.OpenPositionMonitor\HftCryptoTrading.Saga.OpenPositionMonitor.csproj", "{72F3CF9E-8C59-4BF4-902E-ABB551855963}"
EndProject
Project("{FAE04EC0-301F-11D3-BF4B-00C04F79EFBC}") = "HftCryptoTrading.IntegrationTests", "HftCryptoTrading.IntegrationTests\HftCryptoTrading.IntegrationTests.csproj", "{43BF3928-B905-4909-B545-77F7C70877C8}"
EndProject
Project("{FAE04EC0-301F-11D3-BF4B-00C04F79EFBC}") = "HftCryptoTrading.Customers", "HftCryptoTrading.Customers\HftCryptoTrading.Customers.csproj", "{CB41DFC2-F31A-469A-8820-93B256FA60D1}"
EndProject
Project("{FAE04EC0-301F-11D3-BF4B-00C04F79EFBC}") = "HftCryptoTrading.Customers.Shared", "HftCryptoTrading.Customers.Shared\HftCryptoTrading.Customers.Shared.csproj", "{0498BC71-BA3A-4DE2-87A0-95FEE9050B8F}"
EndProject
Global
	GlobalSection(SolutionConfigurationPlatforms) = preSolution
		Debug|Any CPU = Debug|Any CPU
		Release|Any CPU = Release|Any CPU
	EndGlobalSection
	GlobalSection(ProjectConfigurationPlatforms) = postSolution
		{1145EF0E-5608-48D1-A80C-EF78C74CA197}.Debug|Any CPU.ActiveCfg = Debug|Any CPU
		{1145EF0E-5608-48D1-A80C-EF78C74CA197}.Debug|Any CPU.Build.0 = Debug|Any CPU
		{1145EF0E-5608-48D1-A80C-EF78C74CA197}.Release|Any CPU.ActiveCfg = Release|Any CPU
		{1145EF0E-5608-48D1-A80C-EF78C74CA197}.Release|Any CPU.Build.0 = Release|Any CPU
		{91D31232-3F83-4789-9615-A75C988A8768}.Debug|Any CPU.ActiveCfg = Debug|Any CPU
		{91D31232-3F83-4789-9615-A75C988A8768}.Debug|Any CPU.Build.0 = Debug|Any CPU
		{91D31232-3F83-4789-9615-A75C988A8768}.Release|Any CPU.ActiveCfg = Release|Any CPU
		{91D31232-3F83-4789-9615-A75C988A8768}.Release|Any CPU.Build.0 = Release|Any CPU
		{D0ABECE5-347D-46E5-9640-E09D8EFFC321}.Debug|Any CPU.ActiveCfg = Debug|Any CPU
		{D0ABECE5-347D-46E5-9640-E09D8EFFC321}.Debug|Any CPU.Build.0 = Debug|Any CPU
		{D0ABECE5-347D-46E5-9640-E09D8EFFC321}.Release|Any CPU.ActiveCfg = Release|Any CPU
		{D0ABECE5-347D-46E5-9640-E09D8EFFC321}.Release|Any CPU.Build.0 = Release|Any CPU
		{F32B90A8-8573-4F95-8A13-F20CE1C012BB}.Debug|Any CPU.ActiveCfg = Debug|Any CPU
		{F32B90A8-8573-4F95-8A13-F20CE1C012BB}.Debug|Any CPU.Build.0 = Debug|Any CPU
		{F32B90A8-8573-4F95-8A13-F20CE1C012BB}.Release|Any CPU.ActiveCfg = Release|Any CPU
		{F32B90A8-8573-4F95-8A13-F20CE1C012BB}.Release|Any CPU.Build.0 = Release|Any CPU
		{48C7018C-9417-497C-A92F-C832C11CE45F}.Debug|Any CPU.ActiveCfg = Debug|Any CPU
		{48C7018C-9417-497C-A92F-C832C11CE45F}.Debug|Any CPU.Build.0 = Debug|Any CPU
		{48C7018C-9417-497C-A92F-C832C11CE45F}.Release|Any CPU.ActiveCfg = Release|Any CPU
		{48C7018C-9417-497C-A92F-C832C11CE45F}.Release|Any CPU.Build.0 = Release|Any CPU
		{16C64347-D542-490C-8888-B07E307F3DDC}.Debug|Any CPU.ActiveCfg = Debug|Any CPU
		{16C64347-D542-490C-8888-B07E307F3DDC}.Debug|Any CPU.Build.0 = Debug|Any CPU
		{16C64347-D542-490C-8888-B07E307F3DDC}.Release|Any CPU.ActiveCfg = Release|Any CPU
		{16C64347-D542-490C-8888-B07E307F3DDC}.Release|Any CPU.Build.0 = Release|Any CPU
		{727C014E-09F7-477A-9DF4-48370BF4D554}.Debug|Any CPU.ActiveCfg = Debug|Any CPU
		{727C014E-09F7-477A-9DF4-48370BF4D554}.Debug|Any CPU.Build.0 = Debug|Any CPU
		{727C014E-09F7-477A-9DF4-48370BF4D554}.Release|Any CPU.ActiveCfg = Release|Any CPU
		{727C014E-09F7-477A-9DF4-48370BF4D554}.Release|Any CPU.Build.0 = Release|Any CPU
		{B0239BC0-B398-4785-812A-B9BB1AED0C68}.Debug|Any CPU.ActiveCfg = Debug|Any CPU
		{B0239BC0-B398-4785-812A-B9BB1AED0C68}.Debug|Any CPU.Build.0 = Debug|Any CPU
		{B0239BC0-B398-4785-812A-B9BB1AED0C68}.Release|Any CPU.ActiveCfg = Release|Any CPU
		{B0239BC0-B398-4785-812A-B9BB1AED0C68}.Release|Any CPU.Build.0 = Release|Any CPU
		{B8BB817A-540A-4EA2-8CC4-F5390D9EB116}.Debug|Any CPU.ActiveCfg = Debug|Any CPU
		{B8BB817A-540A-4EA2-8CC4-F5390D9EB116}.Debug|Any CPU.Build.0 = Debug|Any CPU
		{B8BB817A-540A-4EA2-8CC4-F5390D9EB116}.Release|Any CPU.ActiveCfg = Release|Any CPU
		{B8BB817A-540A-4EA2-8CC4-F5390D9EB116}.Release|Any CPU.Build.0 = Release|Any CPU
		{0843E966-14CF-4F53-8255-D41AE02CA5B1}.Debug|Any CPU.ActiveCfg = Debug|Any CPU
		{0843E966-14CF-4F53-8255-D41AE02CA5B1}.Debug|Any CPU.Build.0 = Debug|Any CPU
		{0843E966-14CF-4F53-8255-D41AE02CA5B1}.Release|Any CPU.ActiveCfg = Release|Any CPU
		{0843E966-14CF-4F53-8255-D41AE02CA5B1}.Release|Any CPU.Build.0 = Release|Any CPU
		{9D8B2DAB-66EC-48DD-A1F9-D9C51873CCB6}.Debug|Any CPU.ActiveCfg = Debug|Any CPU
		{9D8B2DAB-66EC-48DD-A1F9-D9C51873CCB6}.Debug|Any CPU.Build.0 = Debug|Any CPU
		{9D8B2DAB-66EC-48DD-A1F9-D9C51873CCB6}.Release|Any CPU.ActiveCfg = Release|Any CPU
		{9D8B2DAB-66EC-48DD-A1F9-D9C51873CCB6}.Release|Any CPU.Build.0 = Release|Any CPU
		{0BAD285F-8DC5-49B1-8AC6-8C3456F06EF6}.Debug|Any CPU.ActiveCfg = Debug|Any CPU
		{0BAD285F-8DC5-49B1-8AC6-8C3456F06EF6}.Debug|Any CPU.Build.0 = Debug|Any CPU
		{0BAD285F-8DC5-49B1-8AC6-8C3456F06EF6}.Release|Any CPU.ActiveCfg = Release|Any CPU
		{0BAD285F-8DC5-49B1-8AC6-8C3456F06EF6}.Release|Any CPU.Build.0 = Release|Any CPU
		{8B07A1C4-77A4-4065-B619-714C67207ED3}.Debug|Any CPU.ActiveCfg = Debug|Any CPU
		{8B07A1C4-77A4-4065-B619-714C67207ED3}.Debug|Any CPU.Build.0 = Debug|Any CPU
		{8B07A1C4-77A4-4065-B619-714C67207ED3}.Release|Any CPU.ActiveCfg = Release|Any CPU
		{8B07A1C4-77A4-4065-B619-714C67207ED3}.Release|Any CPU.Build.0 = Release|Any CPU
		{72F3CF9E-8C59-4BF4-902E-ABB551855963}.Debug|Any CPU.ActiveCfg = Debug|Any CPU
		{72F3CF9E-8C59-4BF4-902E-ABB551855963}.Debug|Any CPU.Build.0 = Debug|Any CPU
		{72F3CF9E-8C59-4BF4-902E-ABB551855963}.Release|Any CPU.ActiveCfg = Release|Any CPU
		{72F3CF9E-8C59-4BF4-902E-ABB551855963}.Release|Any CPU.Build.0 = Release|Any CPU
		{43BF3928-B905-4909-B545-77F7C70877C8}.Debug|Any CPU.ActiveCfg = Debug|Any CPU
		{43BF3928-B905-4909-B545-77F7C70877C8}.Debug|Any CPU.Build.0 = Debug|Any CPU
		{43BF3928-B905-4909-B545-77F7C70877C8}.Release|Any CPU.ActiveCfg = Release|Any CPU
		{43BF3928-B905-4909-B545-77F7C70877C8}.Release|Any CPU.Build.0 = Release|Any CPU
		{CB41DFC2-F31A-469A-8820-93B256FA60D1}.Debug|Any CPU.ActiveCfg = Debug|Any CPU
		{CB41DFC2-F31A-469A-8820-93B256FA60D1}.Debug|Any CPU.Build.0 = Debug|Any CPU
		{CB41DFC2-F31A-469A-8820-93B256FA60D1}.Release|Any CPU.ActiveCfg = Release|Any CPU
		{CB41DFC2-F31A-469A-8820-93B256FA60D1}.Release|Any CPU.Build.0 = Release|Any CPU
		{0498BC71-BA3A-4DE2-87A0-95FEE9050B8F}.Debug|Any CPU.ActiveCfg = Debug|Any CPU
		{0498BC71-BA3A-4DE2-87A0-95FEE9050B8F}.Debug|Any CPU.Build.0 = Debug|Any CPU
		{0498BC71-BA3A-4DE2-87A0-95FEE9050B8F}.Release|Any CPU.ActiveCfg = Release|Any CPU
		{0498BC71-BA3A-4DE2-87A0-95FEE9050B8F}.Release|Any CPU.Build.0 = Release|Any CPU
	EndGlobalSection
	GlobalSection(SolutionProperties) = preSolution
		HideSolutionNode = FALSE
	EndGlobalSection
	GlobalSection(NestedProjects) = preSolution
		{91D31232-3F83-4789-9615-A75C988A8768} = {63C64C63-CBBF-44A6-9848-16F47F797515}
		{D0ABECE5-347D-46E5-9640-E09D8EFFC321} = {B33CDCE7-FEED-48B3-B4BA-A88F03BDF98F}
		{F32B90A8-8573-4F95-8A13-F20CE1C012BB} = {8F22D701-A436-4EB8-A9FA-6519EC46A016}
		{48C7018C-9417-497C-A92F-C832C11CE45F} = {C2E927FA-26E5-4A34-B691-FCD299497A9F}
		{16C64347-D542-490C-8888-B07E307F3DDC} = {63C64C63-CBBF-44A6-9848-16F47F797515}
		{727C014E-09F7-477A-9DF4-48370BF4D554} = {C2E927FA-26E5-4A34-B691-FCD299497A9F}
		{B0239BC0-B398-4785-812A-B9BB1AED0C68} = {B33CDCE7-FEED-48B3-B4BA-A88F03BDF98F}
		{B8BB817A-540A-4EA2-8CC4-F5390D9EB116} = {6EDD07D3-EA33-4D5B-93A3-CC90E8B0A28D}
		{0843E966-14CF-4F53-8255-D41AE02CA5B1} = {6EDD07D3-EA33-4D5B-93A3-CC90E8B0A28D}
		{9D8B2DAB-66EC-48DD-A1F9-D9C51873CCB6} = {47A74A12-E8EF-4B0A-A062-DA750F06DE0C}
		{0BAD285F-8DC5-49B1-8AC6-8C3456F06EF6} = {47A74A12-E8EF-4B0A-A062-DA750F06DE0C}
		{8B07A1C4-77A4-4065-B619-714C67207ED3} = {6EDD07D3-EA33-4D5B-93A3-CC90E8B0A28D}
		{72F3CF9E-8C59-4BF4-902E-ABB551855963} = {47A74A12-E8EF-4B0A-A062-DA750F06DE0C}
		{43BF3928-B905-4909-B545-77F7C70877C8} = {C2E927FA-26E5-4A34-B691-FCD299497A9F}
		{CB41DFC2-F31A-469A-8820-93B256FA60D1} = {8F22D701-A436-4EB8-A9FA-6519EC46A016}
		{0498BC71-BA3A-4DE2-87A0-95FEE9050B8F} = {8F22D701-A436-4EB8-A9FA-6519EC46A016}
	EndGlobalSection
	GlobalSection(ExtensibilityGlobals) = postSolution
		SolutionGuid = {FA8877F1-9449-44BF-883F-5E32330E468B}
	EndGlobalSection
EndGlobal
